
Microsoft Visual Studio Solution File, Format Version 12.00
# Visual Studio 14
VisualStudioVersion = 14.0.24720.0
MinimumVisualStudioVersion = 10.0.40219.1
Project("{FAE04EC0-301F-11D3-BF4B-00C04F79EFBC}") = "SimpleConfigSections", "SimpleConfigSections\SimpleConfigSections.csproj", "{19AC67C4-812A-4473-A78B-B1760C32C324}"
EndProject
Project("{FAE04EC0-301F-11D3-BF4B-00C04F79EFBC}") = "Tests.SimpleConfigSections", "Tests.SimpleConfigSections\Tests.SimpleConfigSections.csproj", "{D809566F-8E89-41DB-BD45-68CD6A0BE9F2}"
EndProject
Global
	GlobalSection(SolutionConfigurationPlatforms) = preSolution
		Debug|Any CPU = Debug|Any CPU
		Nuget|Any CPU = Nuget|Any CPU
		Release|Any CPU = Release|Any CPU
	EndGlobalSection
	GlobalSection(ProjectConfigurationPlatforms) = postSolution
		{19AC67C4-812A-4473-A78B-B1760C32C324}.Debug|Any CPU.ActiveCfg = Debug|Any CPU
		{19AC67C4-812A-4473-A78B-B1760C32C324}.Debug|Any CPU.Build.0 = Debug|Any CPU
		{19AC67C4-812A-4473-A78B-B1760C32C324}.Nuget|Any CPU.ActiveCfg = Nuget|Any CPU
		{19AC67C4-812A-4473-A78B-B1760C32C324}.Nuget|Any CPU.Build.0 = Nuget|Any CPU
		{19AC67C4-812A-4473-A78B-B1760C32C324}.Release|Any CPU.ActiveCfg = Release|Any CPU
		{19AC67C4-812A-4473-A78B-B1760C32C324}.Release|Any CPU.Build.0 = Release|Any CPU
		{D809566F-8E89-41DB-BD45-68CD6A0BE9F2}.Debug|Any CPU.ActiveCfg = Debug|Any CPU
		{D809566F-8E89-41DB-BD45-68CD6A0BE9F2}.Debug|Any CPU.Build.0 = Debug|Any CPU
		{D809566F-8E89-41DB-BD45-68CD6A0BE9F2}.Nuget|Any CPU.ActiveCfg = Nuget|Any CPU
		{D809566F-8E89-41DB-BD45-68CD6A0BE9F2}.Nuget|Any CPU.Build.0 = Nuget|Any CPU
		{D809566F-8E89-41DB-BD45-68CD6A0BE9F2}.Release|Any CPU.ActiveCfg = Release|Any CPU
		{D809566F-8E89-41DB-BD45-68CD6A0BE9F2}.Release|Any CPU.Build.0 = Release|Any CPU
	EndGlobalSection
	GlobalSection(SolutionProperties) = preSolution
		HideSolutionNode = FALSE
	EndGlobalSection
EndGlobal
